
Microsoft Visual Studio Solution File, Format Version 12.00
# Visual Studio 14
VisualStudioVersion = 14.0.24720.0
MinimumVisualStudioVersion = 10.0.40219.1
Project("{FAE04EC0-301F-11D3-BF4B-00C04F79EFBC}") = "CodeSamples", "CodeSamples\CodeSamples.csproj", "{48D221BA-476E-4B57-A8B8-10AC98C5A98A}"
EndProject
Project("{FAE04EC0-301F-11D3-BF4B-00C04F79EFBC}") = "Chapter1", "Chapter1\Chapter1.csproj", "{0B3CF953-E959-440E-A673-FDCE98E70126}"
EndProject
Global
	GlobalSection(SolutionConfigurationPlatforms) = preSolution
		Debug|Any CPU = Debug|Any CPU
		Release|Any CPU = Release|Any CPU
	EndGlobalSection
	GlobalSection(ProjectConfigurationPlatforms) = postSolution
		{48D221BA-476E-4B57-A8B8-10AC98C5A98A}.Debug|Any CPU.ActiveCfg = Debug|Any CPU
		{48D221BA-476E-4B57-A8B8-10AC98C5A98A}.Debug|Any CPU.Build.0 = Debug|Any CPU
		{48D221BA-476E-4B57-A8B8-10AC98C5A98A}.Release|Any CPU.ActiveCfg = Release|Any CPU
		{48D221BA-476E-4B57-A8B8-10AC98C5A98A}.Release|Any CPU.Build.0 = Release|Any CPU
		{0B3CF953-E959-440E-A673-FDCE98E70126}.Debug|Any CPU.ActiveCfg = Debug|Any CPU
		{0B3CF953-E959-440E-A673-FDCE98E70126}.Debug|Any CPU.Build.0 = Debug|Any CPU
		{0B3CF953-E959-440E-A673-FDCE98E70126}.Release|Any CPU.ActiveCfg = Release|Any CPU
		{0B3CF953-E959-440E-A673-FDCE98E70126}.Release|Any CPU.Build.0 = Release|Any CPU
	EndGlobalSection
	GlobalSection(SolutionProperties) = preSolution
		HideSolutionNode = FALSE
	EndGlobalSection
EndGlobal
